
Microsoft Visual Studio Solution File, Format Version 12.00
# Visual Studio 15
VisualStudioVersion = 15.0.28307.1000
MinimumVisualStudioVersion = 10.0.40219.1
Project("{FAE04EC0-301F-11D3-BF4B-00C04F79EFBC}") = "QussiaDelivery", "QussiaDelivery\QussiaDelivery.csproj", "{25D2A43B-DD26-4663-85AF-0989A42AB281}"
EndProject
Project("{FAE04EC0-301F-11D3-BF4B-00C04F79EFBC}") = "ClassLibraryQussia", "ClassLibraryQussia\ClassLibraryQussia.csproj", "{75A759A9-860A-489D-BAF4-ED76FF28F065}"
EndProject
Global
	GlobalSection(SolutionConfigurationPlatforms) = preSolution
		Debug|Any CPU = Debug|Any CPU
		Release|Any CPU = Release|Any CPU
	EndGlobalSection
	GlobalSection(ProjectConfigurationPlatforms) = postSolution
		{25D2A43B-DD26-4663-85AF-0989A42AB281}.Debug|Any CPU.ActiveCfg = Debug|Any CPU
		{25D2A43B-DD26-4663-85AF-0989A42AB281}.Debug|Any CPU.Build.0 = Debug|Any CPU
		{25D2A43B-DD26-4663-85AF-0989A42AB281}.Release|Any CPU.ActiveCfg = Release|Any CPU
		{25D2A43B-DD26-4663-85AF-0989A42AB281}.Release|Any CPU.Build.0 = Release|Any CPU
		{75A759A9-860A-489D-BAF4-ED76FF28F065}.Debug|Any CPU.ActiveCfg = Debug|Any CPU
		{75A759A9-860A-489D-BAF4-ED76FF28F065}.Debug|Any CPU.Build.0 = Debug|Any CPU
		{75A759A9-860A-489D-BAF4-ED76FF28F065}.Release|Any CPU.ActiveCfg = Release|Any CPU
		{75A759A9-860A-489D-BAF4-ED76FF28F065}.Release|Any CPU.Build.0 = Release|Any CPU
	EndGlobalSection
	GlobalSection(SolutionProperties) = preSolution
		HideSolutionNode = FALSE
	EndGlobalSection
	GlobalSection(ExtensibilityGlobals) = postSolution
		SolutionGuid = {231962C6-55C0-41E8-B308-2E233FCFFD55}
	EndGlobalSection
EndGlobal
